{
  "version": 4,
  "terraform_version": "1.14.0",
  "serial": 25,
  "lineage": "08c5b551-4520-2984-3bf5-d1fbcdd86b46",
  "outputs": {},
  "resources": [
    {
      "mode": "managed",
      "type": "local_file",
      "name": "foo",
      "provider": "provider[\"registry.terraform.io/hashicorp/local\"]",
      "instances": [
        {
          "index_key": 0,
          "schema_version": 0,
          "attributes": {
            "content": "new test class!",
            "content_base64": null,
            "content_base64sha256": "vuonyBiUIJ12ov9BsfRWkRT42OO3xEQENR/llyZJdQc=",
            "content_base64sha512": "Kzo5bwZduHj6aLe7UmG35pd3NrpUTrw89LUetV+FYei+T5OZsPP2U97tOVKK6nZ3xq3nltRK2lHmnvmq3PgOVg==",
            "content_md5": "e1310dfa5643b69dabeb61eb122f9019",
            "content_sha1": "2dd0c4576a9037fe2fff051379ac710285aa2d38",
            "content_sha256": "beea27c81894209d76a2ff41b1f4569114f8d8e3b7c44404351fe59726497507",
            "content_sha512": "2b3a396f065db878fa68b7bb5261b7e6977736ba544ebc3cf4b51eb55f8561e8be4f9399b0f3f653deed39528aea7677c6ade796d44ada51e69ef9aadcf80e56",
            "directory_permission": "0777",
            "file_permission": "0777",
            "filename": "./0.txt",
            "id": "2dd0c4576a9037fe2fff051379ac710285aa2d38",
            "sensitive_content": null,
            "source": null
          },
          "sensitive_attributes": [
            [
              {
                "type": "get_attr",
                "value": "sensitive_content"
              }
            ]
          ],
          "identity_schema_version": 0
        },
        {
          "index_key": 1,
          "schema_version": 0,
          "attributes": {
            "content": "new test class!",
            "content_base64": null,
            "content_base64sha256": "vuonyBiUIJ12ov9BsfRWkRT42OO3xEQENR/llyZJdQc=",
            "content_base64sha512": "Kzo5bwZduHj6aLe7UmG35pd3NrpUTrw89LUetV+FYei+T5OZsPP2U97tOVKK6nZ3xq3nltRK2lHmnvmq3PgOVg==",
            "content_md5": "e1310dfa5643b69dabeb61eb122f9019",
            "content_sha1": "2dd0c4576a9037fe2fff051379ac710285aa2d38",
            "content_sha256": "beea27c81894209d76a2ff41b1f4569114f8d8e3b7c44404351fe59726497507",
            "content_sha512": "2b3a396f065db878fa68b7bb5261b7e6977736ba544ebc3cf4b51eb55f8561e8be4f9399b0f3f653deed39528aea7677c6ade796d44ada51e69ef9aadcf80e56",
            "directory_permission": "0777",
            "file_permission": "0777",
            "filename": "./1.txt",
            "id": "2dd0c4576a9037fe2fff051379ac710285aa2d38",
            "sensitive_content": null,
            "source": null
          },
          "sensitive_attributes": [
            [
              {
                "type": "get_attr",
                "value": "sensitive_content"
              }
            ]
          ],
          "identity_schema_version": 0
        },
        {
          "index_key": 2,
          "schema_version": 0,
          "attributes": {
            "content": "new test class!",
            "content_base64": null,
            "content_base64sha256": "vuonyBiUIJ12ov9BsfRWkRT42OO3xEQENR/llyZJdQc=",
            "content_base64sha512": "Kzo5bwZduHj6aLe7UmG35pd3NrpUTrw89LUetV+FYei+T5OZsPP2U97tOVKK6nZ3xq3nltRK2lHmnvmq3PgOVg==",
            "content_md5": "e1310dfa5643b69dabeb61eb122f9019",
            "content_sha1": "2dd0c4576a9037fe2fff051379ac710285aa2d38",
            "content_sha256": "beea27c81894209d76a2ff41b1f4569114f8d8e3b7c44404351fe59726497507",
            "content_sha512": "2b3a396f065db878fa68b7bb5261b7e6977736ba544ebc3cf4b51eb55f8561e8be4f9399b0f3f653deed39528aea7677c6ade796d44ada51e69ef9aadcf80e56",
            "directory_permission": "0777",
            "file_permission": "0777",
            "filename": "./2.txt",
            "id": "2dd0c4576a9037fe2fff051379ac710285aa2d38",
            "sensitive_content": null,
            "source": null
          },
          "sensitive_attributes": [
            [
              {
                "type": "get_attr",
                "value": "sensitive_content"
              }
            ]
          ],
          "identity_schema_version": 0
        }
      ]
    }
  ],
  "check_results": null
}
