{
  "version": 4,
  "terraform_version": "1.14.0",
  "serial": 47,
  "lineage": "ada795f2-eb50-1a06-63bf-e02221d3c125",
  "outputs": {},
  "resources": [
    {
      "mode": "managed",
      "type": "local_file",
      "name": "example1",
      "provider": "provider[\"registry.terraform.io/hashicorp/local\"]",
      "instances": [
        {
          "index_key": 0,
          "schema_version": 0,
          "attributes": {
            "content": "foo!",
            "content_base64": null,
            "content_base64sha256": "wOCqrqBQvPO+JsDCPVj6iQwN+3nIojAWtKhs0oym6nE=",
            "content_base64sha512": "TSCmPxazw2YStHurNILfRykjK/J4evgArH/2KnQuzQZodz4cq1f/ig2GeQO7mBI+Qx5jkTQEZxLCGs3mPtsB3Q==",
            "content_md5": "35af8b7a9490467f75f19c1e5459f7e7",
            "content_sha1": "4bf3e335199107182c6f7638efaad377acc7f452",
            "content_sha256": "c0e0aaaea050bcf3be26c0c23d58fa890c0dfb79c8a23016b4a86cd28ca6ea71",
            "content_sha512": "4d20a63f16b3c36612b47bab3482df4729232bf2787af800ac7ff62a742ecd0668773e1cab57ff8a0d867903bb98123e431e639134046712c21acde63edb01dd",
            "directory_permission": "0777",
            "file_permission": "0777",
            "filename": "./example01.txt",
            "id": "4bf3e335199107182c6f7638efaad377acc7f452",
            "sensitive_content": null,
            "source": null
          },
          "sensitive_attributes": [
            [
              {
                "type": "get_attr",
                "value": "sensitive_content"
              }
            ]
          ],
          "identity_schema_version": 0
        },
        {
          "index_key": 1,
          "schema_version": 0,
          "attributes": {
            "content": "foo!",
            "content_base64": null,
            "content_base64sha256": "wOCqrqBQvPO+JsDCPVj6iQwN+3nIojAWtKhs0oym6nE=",
            "content_base64sha512": "TSCmPxazw2YStHurNILfRykjK/J4evgArH/2KnQuzQZodz4cq1f/ig2GeQO7mBI+Qx5jkTQEZxLCGs3mPtsB3Q==",
            "content_md5": "35af8b7a9490467f75f19c1e5459f7e7",
            "content_sha1": "4bf3e335199107182c6f7638efaad377acc7f452",
            "content_sha256": "c0e0aaaea050bcf3be26c0c23d58fa890c0dfb79c8a23016b4a86cd28ca6ea71",
            "content_sha512": "4d20a63f16b3c36612b47bab3482df4729232bf2787af800ac7ff62a742ecd0668773e1cab57ff8a0d867903bb98123e431e639134046712c21acde63edb01dd",
            "directory_permission": "0777",
            "file_permission": "0777",
            "filename": "./example01.txt",
            "id": "4bf3e335199107182c6f7638efaad377acc7f452",
            "sensitive_content": null,
            "source": null
          },
          "sensitive_attributes": [
            [
              {
                "type": "get_attr",
                "value": "sensitive_content"
              }
            ]
          ],
          "identity_schema_version": 0
        }
      ]
    },
    {
      "mode": "managed",
      "type": "local_file",
      "name": "service_configs",
      "provider": "provider[\"registry.terraform.io/hashicorp/local\"]",
      "instances": [
        {
          "schema_version": 0,
          "attributes": {
            "content": "    environment = staging\r\n",
            "content_base64": null,
            "content_base64sha256": "uYdsZiY1UvO65eIY0orAeJqQyndElyIcv7Lk1seSCgw=",
            "content_base64sha512": "O7IHRDzq29vhzE/MOTceUH68bkPu0pe4T2kW631w1PuKx/Va2jSsHw5D2ZphXHmMTQrvEwbussovxbG8UFpHvw==",
            "content_md5": "68551adeb4c129b4e4fd50d1536310dd",
            "content_sha1": "0ddc3482f51809ed90c53fd5b5b1f0bae2a914d7",
            "content_sha256": "b9876c66263552f3bae5e218d28ac0789a90ca774497221cbfb2e4d6c7920a0c",
            "content_sha512": "3bb207443ceadbdbe1cc4fcc39371e507ebc6e43eed297b84f6916eb7d70d4fb8ac7f55ada34ac1f0e43d99a615c798c4d0aef1306eeb2ca2fc5b1bc505a47bf",
            "directory_permission": "0777",
            "file_permission": "0777",
            "filename": "./configs/STAGING/server.sh",
            "id": "0ddc3482f51809ed90c53fd5b5b1f0bae2a914d7",
            "sensitive_content": null,
            "source": null
          },
          "sensitive_attributes": [
            [
              {
                "type": "get_attr",
                "value": "sensitive_content"
              }
            ]
          ],
          "identity_schema_version": 0
        }
      ]
    }
  ],
  "check_results": null
}
