{
  "version": 4,
  "terraform_version": "1.14.0",
  "serial": 3,
  "lineage": "56229f42-93c9-7366-25f3-9dc64ba428d6",
  "outputs": {},
  "resources": [
    {
      "mode": "managed",
      "type": "local_sensitive_file",
      "name": "test",
      "provider": "provider[\"registry.terraform.io/hashicorp/local\"]",
      "instances": [
        {
          "schema_version": 0,
          "attributes": {
            "content": "New state file",
            "content_base64": null,
            "content_base64sha256": "y6DGsdhIThLjSWyh0RgH68Zy84lJQMf0h63/EW7CxLo=",
            "content_base64sha512": "tF+lLQcGQJFzBLqP7otPH1Rx9haq5w71DFk3nfsXqTe3oTf46kO0CnyiprUYrhVyVk2/g/4rtqleZkQpyEvFdQ==",
            "content_md5": "e044e4219fd874c015bfeb7abf084dfd",
            "content_sha1": "1681b4bc9ced3c3893cd4f3aad54382960b6bd7d",
            "content_sha256": "cba0c6b1d8484e12e3496ca1d11807ebc672f3894940c7f487adff116ec2c4ba",
            "content_sha512": "b45fa52d070640917304ba8fee8b4f1f5471f616aae70ef50c59379dfb17a937b7a137f8ea43b40a7ca2a6b518ae1572564dbf83fe2bb6a95e664429c84bc575",
            "directory_permission": "0700",
            "file_permission": "0700",
            "filename": "./sensitive.txt",
            "id": "1681b4bc9ced3c3893cd4f3aad54382960b6bd7d",
            "source": null
          },
          "sensitive_attributes": [
            [
              {
                "type": "get_attr",
                "value": "content"
              }
            ],
            [
              {
                "type": "get_attr",
                "value": "content_base64"
              }
            ]
          ],
          "identity_schema_version": 0
        }
      ]
    }
  ],
  "check_results": null
}
